{
  "version": 4,
  "terraform_version": "1.15.8",
  "serial": 14,
  "lineage": "d8512c72-67b3-9eed-c305-1845417f9204",
  "outputs": {
    "app_url": {
      "value": "https://app-unyleya-vagnerdossantospereira.azurewebsites.net",
      "type": "string"
    }
  },
  "resources": [
    {
      "mode": "managed",
      "type": "azurerm_linux_web_app",
      "name": "app",
      "provider": "provider[\"registry.terraform.io/hashicorp/azurerm\"]",
      "instances": [
        {
          "schema_version": 1,
          "attributes": {
            "app_settings": null,
            "auth_settings": [],
            "auth_settings_v2": [],
            "backup": [],
            "client_affinity_enabled": false,
            "client_certificate_enabled": false,
            "client_certificate_exclusion_paths": "",
            "client_certificate_mode": "Required",
            "connection_string": [],
            "custom_domain_verification_id": "5846A4F9E55B4EAC738F460DD0B63D316129302C51075E1FA9544B8B60A854B9",
            "default_hostname": "app-unyleya-vagnerdossantospereira.azurewebsites.net",
            "enabled": true,
            "ftp_publish_basic_authentication_enabled": true,
            "hosting_environment_id": "",
            "https_only": false,
            "id": "/subscriptions/9fc6e05f-e066-4fe2-bdd2-d54510209e33/resourceGroups/rg-unyleya-devops/providers/Microsoft.Web/sites/app-unyleya-vagnerdossantospereira",
            "identity": [],
            "key_vault_reference_identity_id": "SystemAssigned",
            "kind": "app,linux,container",
            "location": "australiacentral",
            "logs": [],
            "name": "app-unyleya-vagnerdossantospereira",
            "outbound_ip_address_list": [
              "20.36.45.226",
              "20.36.39.190",
              "20.36.39.189",
              "20.36.32.87",
              "20.36.106.96",
              "20.36.106.100"
            ],
            "outbound_ip_addresses": "20.36.45.226,20.36.39.190,20.36.39.189,20.36.32.87,20.36.106.96,20.36.106.100",
            "possible_outbound_ip_address_list": [
              "20.36.45.226",
              "20.36.39.190",
              "20.36.39.189",
              "20.36.32.87",
              "20.36.39.188",
              "20.36.41.137",
              "20.36.32.226",
              "20.36.32.227",
              "20.36.35.245",
              "20.227.142.200",
              "20.227.141.46",
              "20.227.192.110",
              "20.227.139.224",
              "20.227.193.51",
              "20.227.193.94",
              "20.37.4.129",
              "20.37.5.0",
              "20.37.5.106",
              "20.37.5.135",
              "20.37.5.161",
              "20.37.4.220",
              "20.36.106.96",
              "20.36.106.100"
            ],
            "possible_outbound_ip_addresses": "20.36.45.226,20.36.39.190,20.36.39.189,20.36.32.87,20.36.39.188,20.36.41.137,20.36.32.226,20.36.32.227,20.36.35.245,20.227.142.200,20.227.141.46,20.227.192.110,20.227.139.224,20.227.193.51,20.227.193.94,20.37.4.129,20.37.5.0,20.37.5.106,20.37.5.135,20.37.5.161,20.37.4.220,20.36.106.96,20.36.106.100",
            "public_network_access_enabled": true,
            "resource_group_name": "rg-unyleya-devops",
            "service_plan_id": "/subscriptions/9fc6e05f-e066-4fe2-bdd2-d54510209e33/resourceGroups/rg-unyleya-devops/providers/Microsoft.Web/serverFarms/plan-unyleya-devops",
            "site_config": [
              {
                "always_on": false,
                "api_definition_url": "",
                "api_management_api_id": "",
                "app_command_line": "",
                "application_stack": [
                  {
                    "docker_image": "",
                    "docker_image_name": "vagnerp/mobead:latest",
                    "docker_image_tag": "",
                    "docker_registry_password": "",
                    "docker_registry_url": "https://index.docker.io",
                    "docker_registry_username": "",
                    "dotnet_version": "",
                    "go_version": "",
                    "java_server": "",
                    "java_server_version": "",
                    "java_version": "",
                    "node_version": "",
                    "php_version": "",
                    "python_version": "",
                    "ruby_version": ""
                  }
                ],
                "auto_heal_enabled": false,
                "auto_heal_setting": [],
                "container_registry_managed_identity_client_id": "",
                "container_registry_use_managed_identity": false,
                "cors": [],
                "default_documents": [
                  "Default.htm",
                  "Default.html",
                  "Default.asp",
                  "index.htm",
                  "index.html",
                  "iisstart.htm",
                  "default.aspx",
                  "index.php",
                  "hostingstart.html"
                ],
                "detailed_error_logging_enabled": false,
                "ftps_state": "Disabled",
                "health_check_eviction_time_in_min": 0,
                "health_check_path": "",
                "http2_enabled": false,
                "ip_restriction": [],
                "ip_restriction_default_action": "Allow",
                "linux_fx_version": "DOCKER|index.docker.io/vagnerp/mobead:latest",
                "load_balancing_mode": "LeastRequests",
                "local_mysql_enabled": false,
                "managed_pipeline_mode": "Integrated",
                "minimum_tls_version": "1.2",
                "remote_debugging_enabled": false,
                "remote_debugging_version": "VS2022",
                "scm_ip_restriction": [],
                "scm_ip_restriction_default_action": "Allow",
                "scm_minimum_tls_version": "1.2",
                "scm_type": "None",
                "scm_use_main_ip_restriction": false,
                "use_32_bit_worker": true,
                "vnet_route_all_enabled": false,
                "websockets_enabled": false,
                "worker_count": 1
              }
            ],
            "site_credential": [
              {
                "name": "$app-unyleya-vagnerdossantospereira",
                "password": "oeLlL18qXniWleqCZFjgGqRfdEjcEFHzCjXT4biY8a83vAj8NwFMPKev31Gn"
              }
            ],
            "sticky_settings": [],
            "storage_account": [],
            "tags": null,
            "timeouts": null,
            "virtual_network_subnet_id": "",
            "webdeploy_publish_basic_authentication_enabled": true,
            "zip_deploy_file": ""
          },
          "sensitive_attributes": [
            [
              {
                "type": "get_attr",
                "value": "custom_domain_verification_id"
              }
            ],
            [
              {
                "type": "get_attr",
                "value": "site_config"
              },
              {
                "type": "index",
                "value": {
                  "value": 0,
                  "type": "number"
                }
              },
              {
                "type": "get_attr",
                "value": "application_stack"
              },
              {
                "type": "index",
                "value": {
                  "value": 0,
                  "type": "number"
                }
              },
              {
                "type": "get_attr",
                "value": "docker_registry_password"
              }
            ],
            [
              {
                "type": "get_attr",
                "value": "site_credential"
              }
            ]
          ],
          "identity_schema_version": 0,
          "private": "eyJlMmJmYjczMC1lY2FhLTExZTYtOGY4OC0zNDM2M2JjN2M0YzAiOnsiY3JlYXRlIjoxODAwMDAwMDAwMDAwLCJkZWxldGUiOjE4MDAwMDAwMDAwMDAsInJlYWQiOjMwMDAwMDAwMDAwMCwidXBkYXRlIjoxODAwMDAwMDAwMDAwfSwic2NoZW1hX3ZlcnNpb24iOiIxIn0=",
          "dependencies": [
            "azurerm_resource_group.rg",
            "azurerm_service_plan.plan"
          ]
        }
      ]
    },
    {
      "mode": "managed",
      "type": "azurerm_resource_group",
      "name": "rg",
      "provider": "provider[\"registry.terraform.io/hashicorp/azurerm\"]",
      "instances": [
        {
          "schema_version": 0,
          "attributes": {
            "id": "/subscriptions/9fc6e05f-e066-4fe2-bdd2-d54510209e33/resourceGroups/rg-unyleya-devops",
            "location": "australiacentral",
            "managed_by": "",
            "name": "rg-unyleya-devops",
            "tags": {},
            "timeouts": null
          },
          "sensitive_attributes": [],
          "identity_schema_version": 0,
          "private": "eyJlMmJmYjczMC1lY2FhLTExZTYtOGY4OC0zNDM2M2JjN2M0YzAiOnsiY3JlYXRlIjo1NDAwMDAwMDAwMDAwLCJkZWxldGUiOjU0MDAwMDAwMDAwMDAsInJlYWQiOjMwMDAwMDAwMDAwMCwidXBkYXRlIjo1NDAwMDAwMDAwMDAwfX0="
        }
      ]
    },
    {
      "mode": "managed",
      "type": "azurerm_service_plan",
      "name": "plan",
      "provider": "provider[\"registry.terraform.io/hashicorp/azurerm\"]",
      "instances": [
        {
          "schema_version": 1,
          "attributes": {
            "app_service_environment_id": "",
            "id": "/subscriptions/9fc6e05f-e066-4fe2-bdd2-d54510209e33/resourceGroups/rg-unyleya-devops/providers/Microsoft.Web/serverFarms/plan-unyleya-devops",
            "kind": "linux",
            "location": "australiacentral",
            "maximum_elastic_worker_count": 1,
            "name": "plan-unyleya-devops",
            "os_type": "Linux",
            "per_site_scaling_enabled": false,
            "reserved": true,
            "resource_group_name": "rg-unyleya-devops",
            "sku_name": "F1",
            "tags": {},
            "timeouts": null,
            "worker_count": 1,
            "zone_balancing_enabled": false
          },
          "sensitive_attributes": [],
          "identity_schema_version": 0,
          "private": "eyJlMmJmYjczMC1lY2FhLTExZTYtOGY4OC0zNDM2M2JjN2M0YzAiOnsiY3JlYXRlIjozNjAwMDAwMDAwMDAwLCJkZWxldGUiOjM2MDAwMDAwMDAwMDAsInJlYWQiOjMwMDAwMDAwMDAwMCwidXBkYXRlIjozNjAwMDAwMDAwMDAwfSwic2NoZW1hX3ZlcnNpb24iOiIxIn0=",
          "dependencies": [
            "azurerm_resource_group.rg"
          ]
        }
      ]
    }
  ],
  "check_results": null
}
